{
    "_meta": {
        "hash": {
            "sha256": "51b91d086ef3a4b68fb9bf2c5ce746eb8ce3599318ecc88e4b10052058138be7"
        },
        "pipfile-spec": 6,
        "requires": {
            "python_version": "3"
        },
        "sources": [
            {
                "name": "pypi",
                "url": "https://pypi.org/simple",
                "verify_ssl": true
            }
        ]
    },
    "default": {
        "apsw": {
            "hashes": [
                "sha256:05b2e130acd3c7211330dee47451f4f9aac505d3a1f978e5a6b48bda9e5bbfaa",
                "sha256:148209dec4c03610cb91e163082d44826d6bf3f2d543c2199915327ed7c5d46c",
                "sha256:14b529570ac0a100afd6c2d884c488dd83866ad2e0d127ac79114097d7d22ce9",
                "sha256:14c8d2c0fd74cbb00fb08b00c55ff2fb3f5f29ab76d3bfc50961ab8bb06f2b3d",
                "sha256:17768a31ed753b946c1bd3347a51332a7de54d5c402dc58922bd635e24c4ddc6",
                "sha256:1a222a086d5a8b90bd57ecc3aeb566cf7018b7ed195e59ca9d6137d782cc48c9",
                "sha256:240a2470029a5e1c2d6881128cae35d2e46d95abd101197e1a00bf672c15c52e",
                "sha256:260c7a2f5ee486e294ce322499702608ba25fe5e84a670d5600ef5577f4e1d11",
                "sha256:2b854cd555560f01c554a07d81e0523612faa2d4df8ea7341c3da0445a5f1c74",
                "sha256:330cd18d9b10ad3b85d31a32dcbab568c50245b781b824dcd509a7ba6aa095de",
                "sha256:33fc247f9d9fc0ca80d38ad5f27d3460e03537be224fbe76c673bad82d52973e",
                "sha256:3c2e99703f9d04039fd9a84f207a1b89b2391f7cebc27be62934cc8b346980b8",
                "sha256:4346d4d0656009fc11370fcc40be63615f71f931b3181f492a62d0dd8cfd6588",
                "sha256:47d4694835018867aba248a7c217d745bb2e2b2c3fd032d9ec76a29b9eca4e8e",
                "sha256:4a1aa6549a0bcd05a6006ef7bcb3af6cb8d315c35286a2a97f3347b678754a18",
                "sha256:4a865b3fa74d64683b6bced97f6815bda121da9f04b36ccb1c1d17131f682595",
                "sha256:4b7774f5bf39714486d31491ac2ca3cf8800171a5b41421c1658b5d9b584eebd",
                "sha256:4cf37cee4ed1675b91734170ae971ae863c0894bd8a35518419d9659b68308f0",
                "sha256:4f77cc8a6dc1c8ea3de11839ed376f57140f4b68f9d8e05f5cbde651712fe18f",
                "sha256:4fc1d72dc7db07bda76986bf9d45ba4f87e14503e3f14baf6d5cfa446183bc63",
                "sha256:5678181212073a6261084f14b15a495597756d7adcaee60d8f71b12b23828ce4",
                "sha256:567fd237e4083b79f3cb84d047e3dde0086319e0c393473b6e9af0d0cb8543e7",
                "sha256:59b74731068d67a527eda9415fdab5e34e2f5863b0b57d59ef13438e4b6c7105",
                "sha256:5d79bbd59bf61854579cd33e86b81b0bf7f052944ec8512ac1cd8bb690a49b89",
                "sha256:5d8e5f5691a43d7b5784ac8aa8f405632d0c79f15bcb558b0f13058544bca198",
                "sha256:5e0dc86bb68fcbaff62abcf292f5575a34ce3ada10d3dc6954036a742cf550ee",
                "sha256:5e43e5f00e45545519a04842e6da0e9849560df60a88100d9a55df892f395667",
                "sha256:5f5543f944ddcc3258787c60b85551b30bc183d15c4383196c5d6d4b58c8ad1a",
                "sha256:610b73e7e6b0979bc2a2fd46b74e16da5f89d55fd57360137ddd670118133807",
                "sha256:61c5cf5b2003719294bb5905cc21ce014aa6edaf9b41e42c4bcc05bee5703fb6",
                "sha256:6b3d5ad53a69428f0c6f9cf097357904682fd1c2dfca5b3df17e42e99e408e34",
                "sha256:6ee48b67beae479eb5d6f6900d09565d4893169d8fb58aac274c765eeaa75b43",
                "sha256:7357c6d79eaa7f8aec20d410960a97fc28983d4c07f90012490239f897fa9364",
                "sha256:76160bff6526c652d441f48616848b2a30f9b7a97bc1ed582a81fc581d7742f5",
                "sha256:7bd6b244a50e91f9a4a58ecb96afafdbfabd7ceb6300c4bba302abbdf42934ef",
                "sha256:7dbcd797484425ab99253965f4ef2806d8eebac139d850787d6ab095a766c1f5",
                "sha256:81617a0b0e228931831124161ccf4d13584aac77ee8b9224b79793346c3cc36f",
                "sha256:87fd6428d7f120898b799a783b790da24d3d158f73deb6cfbfdfc6f94c6c3e5b",
                "sha256:91690aaf6ad680206f83c1ceee7deaf748fa89f5d3fe9c0fcb21c57ae8667c8a",
                "sha256:979e309dcf724df9dc79f7ece056a7e98d241434f503cb81b406097c98b91dae",
                "sha256:998a92d0749b8927411aa702dcb6098195dbc884d55deb510a637f0ea228b1fd",
                "sha256:a73be57213f6d7714417b4f024236d5703cdefa414c1e62cec9f0c33fdb73903",
                "sha256:ae9bac486ab0c4ec7754da32bce1c4d4f18ab421dc20352007a0e3bea49f5873",
                "sha256:b55e720736ac1b4954cc3d81794076868a8430687d3bd66d48c3a9aba2dd2066",
                "sha256:b9b99a24a769cc49ae4facbbb01dff6a98d54be802f3d497cd15a49ab0cb64ea",
                "sha256:bb76d888de5c7be6aba2c3b30547060f2a22531aae7ae44ccb0c285db185996c",
                "sha256:bc4d913b74d2cff5911ee742a898126e2d14f3247b43f0ef99e1d6018f3506a9",
                "sha256:beb9c57dd6446a389d0e31d3bdea68a084c2d8852e14ad05e6bbd7746096d1d0",
                "sha256:c0a86c480da726e3ff659a9d8c8021eac53ffa649b1ecc6047336ba90b022caf",
                "sha256:cae681318bce1326f12a43a57c86ec51bafd769cecdd64bbc3d461efb46b7568",
                "sha256:d0af77ed4a94f32f107bf71ba9cde49a1a1e2e6413895b04b58b672c2e50ea78",
                "sha256:d36310a1e5258171bc5d46b3dfe22f5415af16099004c7508a4cbd5c8f65e808",
                "sha256:d4fa932c5c2e2550e8101f6ec131daa9ae7320b28b81732965d1a886e970a992",
                "sha256:d67969b164e279b03a0b777688d6ff79c8830474aab0461eea29a639433dd267",
                "sha256:de3360a985a284695f7e4d3fb3c9a46638b8b1895f51e7ff40bdfe4de2b446ea",
                "sha256:e7c1ef1e70460fd498f3cc9f91c975955120569722880745d9ba6a64044dc252",
                "sha256:eaf7f3b5135fc27d2025d7d99f0d9095117069746dd2480e40e94297363e632a",
                "sha256:eb221070de0d69e10a0fda5608f87aa37e52ddefdd5b014b841052570ff6a7e4",
                "sha256:f8973b04165a1d378bcc06ad56656bcf25ebbf8e93f947d3c4c3c08eda58e53b",
                "sha256:fabe1d875b6782ac7da117d700f30fcb25a40c3044c9af3148123922e4fdff33",
                "sha256:fae607fee37fbf3116ca3ff10f0506c5741b047b91c5cf9f3d0cb43ab9cab79a",
                "sha256:fb6191108ef4b21278229c942db4c2227a44423c391e76953427916c5258fa8d",
                "sha256:fba9e7e83478533b342d3c1eac8a3e0cb14a6864740a434a3512465d1623f3dd"
            ],
            "index": "pypi",
            "version": "==3.40.0.0"
        },
        "importlib-metadata": {
            "hashes": [
                "sha256:0eafa39ba42bf225fc00e67f701d71f85aead9f878569caf13c3724f704b970f",
                "sha256:404d48d62bba0b7a77ff9d405efd91501bef2e67ff4ace0bed40a0cf28c3c7cd"
            ],
            "index": "pypi",
            "version": "==5.2.0"
        },
        "pyahocorasick": {
            "hashes": [
                "sha256:04d73bec7d1289378f5948f7f1d68b94c1b4d2a29d7e26ac9085ad403cc4e739",
                "sha256:062c5ac842e3fe51f231ada754acb1e5ad986cd28a2181c9a22b21268e22f8c7",
                "sha256:0bc164eeebac0bfee721aef74843a566247fe85ea05bd30a51ede91a9786156c",
                "sha256:12aabdadc3354da6d846186629c80e52fe9b021bdc01e5d5718ca197441e121f",
                "sha256:1ab503f0bff5537ef3da37681cfd52a3f964553f69eef561bd157b70b4aedf84",
                "sha256:23cf21893b6ba3b47637f007c1e355c45726b98cd9cf473ea6dc706c47332646",
                "sha256:31108e1cdf055acb9d0ba5e302926bf4e904db61dfbaa08c4d40284802950414",
                "sha256:32545cad135660ceef556f1d987aee3206e00096735405d7a8de84eb0a15bb27",
                "sha256:35d45492ebd1248f15f8e7500114a8156de63d45c9e6a675ab53b717bfb94bd2",
                "sha256:38172bfa186da136cadc7438946d0d6d4fc1d64f62cad4d1a3038c20b37d5182",
                "sha256:3b20cc27c03c84f7a5d305012f302d0e7b3faa43ab02da665bb11b60135a1dd3",
                "sha256:4f37a464dbf4f091560a02e135f917259fde6c0a43f6cdf5558480a102bc1843",
                "sha256:50d88355ac8ef495a582615d639bb80712505d2d8cdadfb93b9123063a3ae23a",
                "sha256:67bac0152c08d8cf40b738e011c36d8fab99f0610f5e709eb4929dd8be2a781d",
                "sha256:737d331377936fb229529e830d9a654623d7714e8823bfa49433ae7158f0d01c",
                "sha256:7cf4d08e10ab7ad136654b237a0b8f1df982df2c5a6f77ef90316731797855db",
                "sha256:89085980232cc9cd2da2466a8a6232b0e1ff196ef275b2ed4e866941b35bf775",
                "sha256:8d46bbb579205a73adee0a8ec73667e6fb5b4b92f9d837f8a9eedb69c2f5a252",
                "sha256:8dfa16ea7ad3297f925964d6fb5553cb6c365b224c6dd749cf0e6cdf91fc2212",
                "sha256:8fa7618f1fef1c25f4f375a4c2c7c24ba3aa300eff48c732c0035f2f9750b29b",
                "sha256:8fea989f2802eae1aacf26b817e4d532fe9f42434b49ddbff38b412bdeb763ac",
                "sha256:94894f5794b9e62a4c7b47a4fd3dc85bae952fe2b220396a627fae74b3eb7ad0",
                "sha256:9b1b7ba6d9c717bb6d7310ab8185f739ff416b8c9323d8adf7b5bbbf48e2e775",
                "sha256:ab84c9425eb245c1baa2f91218c977561e01b700773ee232389222458a32316e",
                "sha256:bee494e54939b737e4e44a04cbdbcfdf9b62c8bd762c05d435f4a7883dae8a94",
                "sha256:c13190af4dd382c915ca37f173a407736be4dc1912d834bbc6555a79a2e6c9e2",
                "sha256:cf96ecf2ae36e9aad4693e48457a7b97dc3b4cd793275c85924850aafa5b5c38",
                "sha256:df422bf5c50115c58cdb972e9086d99bdd34367c56ba8827a939c8cc973f17d8",
                "sha256:e2fe9dc5114c0778234a96ba11807681ccf38fe92bdf2d70d69e701533c51cab",
                "sha256:e3cdeda23a1b2530b787440b0d22ba8f10a3e424b1c53d00ed963d68941fcbb7",
                "sha256:e3d7f2c7a0442540f373d0bf13d19d5d213136e217d050010da705afd09c3a00",
                "sha256:e61994166562e8460115aa5a57fb0aafa852a173f4207a1a1381ba4322adf174",
                "sha256:e6eee473787ca1dc49b4f94a62b5456251f6976141da60ea0e006507eb0f11b8",
                "sha256:ef24ec2b11a09e0aba1f2a9c47f3c07444771a8b8def672713f79901509ed6b7",
                "sha256:f46bc7b8ec0e0cee499c5066684397ac93ed8c2ca4529d396ceda775ce05a445",
                "sha256:f842c8f37d360f34a06c31f19d1b42e6404b48b49a8dffbed2ec6089ce78cca7"
            ],
            "index": "pypi",
            "version": "==1.4.4"
        },
        "zipp": {
            "hashes": [
                "sha256:83a28fcb75844b5c0cdaf5aa4003c2d728c77e05f5aeabe8e95e56727005fbaa",
                "sha256:a7a22e05929290a67401440b39690ae6563279bced5f314609d9d03798f56766"
            ],
            "markers": "python_version >= '3.7'",
            "version": "==3.11.0"
        }
    },
    "develop": {
        "astroid": {
            "hashes": [
                "sha256:10e0ad5f7b79c435179d0d0f0df69998c4eef4597534aae44910db060baeb907",
                "sha256:1493fe8bd3dfd73dc35bd53c9d5b6e49ead98497c47b2307662556a5692d29d7"
            ],
            "markers": "python_full_version >= '3.7.2'",
            "version": "==2.12.13"
        },
        "black": {
            "hashes": [
                "sha256:101c69b23df9b44247bd88e1d7e90154336ac4992502d4197bdac35dd7ee3320",
                "sha256:159a46a4947f73387b4d83e87ea006dbb2337eab6c879620a3ba52699b1f4351",
                "sha256:1f58cbe16dfe8c12b7434e50ff889fa479072096d79f0a7f25e4ab8e94cd8350",
                "sha256:229351e5a18ca30f447bf724d007f890f97e13af070bb6ad4c0a441cd7596a2f",
                "sha256:436cc9167dd28040ad90d3b404aec22cedf24a6e4d7de221bec2730ec0c97bcf",
                "sha256:559c7a1ba9a006226f09e4916060982fd27334ae1998e7a38b3f33a37f7a2148",
                "sha256:7412e75863aa5c5411886804678b7d083c7c28421210180d67dfd8cf1221e1f4",
                "sha256:77d86c9f3db9b1bf6761244bc0b3572a546f5fe37917a044e02f3166d5aafa7d",
                "sha256:82d9fe8fee3401e02e79767016b4907820a7dc28d70d137eb397b92ef3cc5bfc",
                "sha256:9eedd20838bd5d75b80c9f5487dbcb06836a43833a37846cf1d8c1cc01cef59d",
                "sha256:c116eed0efb9ff870ded8b62fe9f28dd61ef6e9ddd28d83d7d264a38417dcee2",
                "sha256:d30b212bffeb1e252b31dd269dfae69dd17e06d92b87ad26e23890f3efea366f"
            ],
            "index": "pypi",
            "version": "==22.12.0"
        },
        "click": {
            "hashes": [
                "sha256:7682dc8afb30297001674575ea00d1814d808d6a36af415a82bd481d37ba7b8e",
                "sha256:bb4d8133cb15a609f44e8213d9b391b0809795062913b383c62be0ee95b1db48"
            ],
            "markers": "python_version >= '3.7'",
            "version": "==8.1.3"
        },
        "dill": {
            "hashes": [
                "sha256:a07ffd2351b8c678dfc4a856a3005f8067aea51d6ba6c700796a4d9e280f39f0",
                "sha256:e5db55f3687856d8fbdab002ed78544e1c4559a130302693d839dfe8f93f2373"
            ],
            "markers": "python_version < '3.11'",
            "version": "==0.3.6"
        },
        "flake8": {
            "hashes": [
                "sha256:3833794e27ff64ea4e9cf5d410082a8b97ff1a06c16aa3d2027339cd0f1195c7",
                "sha256:c61007e76655af75e6785a931f452915b371dc48f56efd765247c8fe68f2b181"
            ],
            "index": "pypi",
            "version": "==6.0.0"
        },
        "isort": {
            "hashes": [
                "sha256:6db30c5ded9815d813932c04c2f85a360bcdd35fed496f4d8f35495ef0a261b6",
                "sha256:c033fd0edb91000a7f09527fe5c75321878f98322a77ddcc81adbd83724afb7b"
            ],
            "markers": "python_full_version >= '3.7.0'",
            "version": "==5.11.4"
        },
        "lazy-object-proxy": {
            "hashes": [
                "sha256:0c1c7c0433154bb7c54185714c6929acc0ba04ee1b167314a779b9025517eada",
                "sha256:14010b49a2f56ec4943b6cf925f597b534ee2fe1f0738c84b3bce0c1a11ff10d",
                "sha256:4e2d9f764f1befd8bdc97673261b8bb888764dfdbd7a4d8f55e4fbcabb8c3fb7",
                "sha256:4fd031589121ad46e293629b39604031d354043bb5cdf83da4e93c2d7f3389fe",
                "sha256:5b51d6f3bfeb289dfd4e95de2ecd464cd51982fe6f00e2be1d0bf94864d58acd",
                "sha256:6850e4aeca6d0df35bb06e05c8b934ff7c533734eb51d0ceb2d63696f1e6030c",
                "sha256:6f593f26c470a379cf7f5bc6db6b5f1722353e7bf937b8d0d0b3fba911998858",
                "sha256:71d9ae8a82203511a6f60ca5a1b9f8ad201cac0fc75038b2dc5fa519589c9288",
                "sha256:7e1561626c49cb394268edd00501b289053a652ed762c58e1081224c8d881cec",
                "sha256:8f6ce2118a90efa7f62dd38c7dbfffd42f468b180287b748626293bf12ed468f",
                "sha256:ae032743794fba4d171b5b67310d69176287b5bf82a21f588282406a79498891",
                "sha256:afcaa24e48bb23b3be31e329deb3f1858f1f1df86aea3d70cb5c8578bfe5261c",
                "sha256:b70d6e7a332eb0217e7872a73926ad4fdc14f846e85ad6749ad111084e76df25",
                "sha256:c219a00245af0f6fa4e95901ed28044544f50152840c5b6a3e7b2568db34d156",
                "sha256:ce58b2b3734c73e68f0e30e4e725264d4d6be95818ec0a0be4bb6bf9a7e79aa8",
                "sha256:d176f392dbbdaacccf15919c77f526edf11a34aece58b55ab58539807b85436f",
                "sha256:e20bfa6db17a39c706d24f82df8352488d2943a3b7ce7d4c22579cb89ca8896e",
                "sha256:eac3a9a5ef13b332c059772fd40b4b1c3d45a3a2b05e33a361dee48e54a4dad0",
                "sha256:eb329f8d8145379bf5dbe722182410fe8863d186e51bf034d2075eb8d85ee25b"
            ],
            "markers": "python_version >= '3.7'",
            "version": "==1.8.0"
        },
        "mccabe": {
            "hashes": [
                "sha256:348e0240c33b60bbdf4e523192ef919f28cb2c3d7d5c7794f74009290f236325",
                "sha256:6c2d30ab6be0e4a46919781807b4f0d834ebdd6c6e3dca0bda5a15f863427b6e"
            ],
            "markers": "python_version >= '3.6'",
            "version": "==0.7.0"
        },
        "mypy-extensions": {
            "hashes": [
                "sha256:090fedd75945a69ae91ce1303b5824f428daf5a028d2f6ab8a299250a846f15d",
                "sha256:2d82818f5bb3e369420cb3c4060a7970edba416647068eb4c5343488a6c604a8"
            ],
            "version": "==0.4.3"
        },
        "pathspec": {
            "hashes": [
                "sha256:3c95343af8b756205e2aba76e843ba9520a24dd84f68c22b9f93251507509dd6",
                "sha256:56200de4077d9d0791465aa9095a01d421861e405b5096955051deefd697d6f6"
            ],
            "markers": "python_version >= '3.7'",
            "version": "==0.10.3"
        },
        "platformdirs": {
            "hashes": [
                "sha256:1a89a12377800c81983db6be069ec068eee989748799b946cce2a6e80dcc54ca",
                "sha256:b46ffafa316e6b83b47489d240ce17173f123a9b9c83282141c3daf26ad9ac2e"
            ],
            "markers": "python_version >= '3.7'",
            "version": "==2.6.0"
        },
        "pycodestyle": {
            "hashes": [
                "sha256:347187bdb476329d98f695c213d7295a846d1152ff4fe9bacb8a9590b8ee7053",
                "sha256:8a4eaf0d0495c7395bdab3589ac2db602797d76207242c17d470186815706610"
            ],
            "markers": "python_version >= '3.6'",
            "version": "==2.10.0"
        },
        "pyflakes": {
            "hashes": [
                "sha256:ec55bf7fe21fff7f1ad2f7da62363d749e2a470500eab1b555334b67aa1ef8cf",
                "sha256:ec8b276a6b60bd80defed25add7e439881c19e64850afd9b346283d4165fd0fd"
            ],
            "markers": "python_version >= '3.6'",
            "version": "==3.0.1"
        },
        "pylint": {
            "hashes": [
                "sha256:18783cca3cfee5b83c6c5d10b3cdb66c6594520ffae61890858fe8d932e1c6b4",
                "sha256:349c8cd36aede4d50a0754a8c0218b43323d13d5d88f4b2952ddfe3e169681eb"
            ],
            "index": "pypi",
            "version": "==2.15.9"
        },
        "tomli": {
            "hashes": [
                "sha256:939de3e7a6161af0c887ef91b7d41a53e7c5a1ca976325f429cb46ea9bc30ecc",
                "sha256:de526c12914f0c550d15924c62d72abc48d6fe7364aa87328337a31007fe8a4f"
            ],
            "markers": "python_full_version < '3.11.0a7'",
            "version": "==2.0.1"
        },
        "tomlkit": {
            "hashes": [
                "sha256:07de26b0d8cfc18f871aec595fda24d95b08fef89d147caa861939f37230bf4b",
                "sha256:71b952e5721688937fb02cf9d354dbcf0785066149d2855e44531ebdd2b65d73"
            ],
            "markers": "python_version >= '3.6'",
            "version": "==0.11.6"
        },
        "typing-extensions": {
            "hashes": [
                "sha256:1511434bb92bf8dd198c12b1cc812e800d4181cfcb867674e0f8279cc93087aa",
                "sha256:16fa4864408f655d35ec496218b85f79b3437c829e93320c7c9215ccfd92489e"
            ],
            "markers": "python_version < '3.10'",
            "version": "==4.4.0"
        },
        "wrapt": {
            "hashes": [
                "sha256:00b6d4ea20a906c0ca56d84f93065b398ab74b927a7a3dbd470f6fc503f95dc3",
                "sha256:01c205616a89d09827986bc4e859bcabd64f5a0662a7fe95e0d359424e0e071b",
                "sha256:02b41b633c6261feff8ddd8d11c711df6842aba629fdd3da10249a53211a72c4",
                "sha256:07f7a7d0f388028b2df1d916e94bbb40624c59b48ecc6cbc232546706fac74c2",
                "sha256:11871514607b15cfeb87c547a49bca19fde402f32e2b1c24a632506c0a756656",
                "sha256:1b376b3f4896e7930f1f772ac4b064ac12598d1c38d04907e696cc4d794b43d3",
                "sha256:21ac0156c4b089b330b7666db40feee30a5d52634cc4560e1905d6529a3897ff",
                "sha256:257fd78c513e0fb5cdbe058c27a0624c9884e735bbd131935fd49e9fe719d310",
                "sha256:2b39d38039a1fdad98c87279b48bc5dce2c0ca0d73483b12cb72aa9609278e8a",
                "sha256:2cf71233a0ed05ccdabe209c606fe0bac7379fdcf687f39b944420d2a09fdb57",
                "sha256:2fe803deacd09a233e4762a1adcea5db5d31e6be577a43352936179d14d90069",
                "sha256:3232822c7d98d23895ccc443bbdf57c7412c5a65996c30442ebe6ed3df335383",
                "sha256:34aa51c45f28ba7f12accd624225e2b1e5a3a45206aa191f6f9aac931d9d56fe",
                "sha256:36f582d0c6bc99d5f39cd3ac2a9062e57f3cf606ade29a0a0d6b323462f4dd87",
                "sha256:380a85cf89e0e69b7cfbe2ea9f765f004ff419f34194018a6827ac0e3edfed4d",
                "sha256:40e7bc81c9e2b2734ea4bc1aceb8a8f0ceaac7c5299bc5d69e37c44d9081d43b",
                "sha256:43ca3bbbe97af00f49efb06e352eae40434ca9d915906f77def219b88e85d907",
                "sha256:4fcc4649dc762cddacd193e6b55bc02edca674067f5f98166d7713b193932b7f",
                "sha256:5a0f54ce2c092aaf439813735584b9537cad479575a09892b8352fea5e988dc0",
                "sha256:5a9a0d155deafd9448baff28c08e150d9b24ff010e899311ddd63c45c2445e28",
                "sha256:5b02d65b9ccf0ef6c34cba6cf5bf2aab1bb2f49c6090bafeecc9cd81ad4ea1c1",
                "sha256:60db23fa423575eeb65ea430cee741acb7c26a1365d103f7b0f6ec412b893853",
                "sha256:642c2e7a804fcf18c222e1060df25fc210b9c58db7c91416fb055897fc27e8cc",
                "sha256:6a9a25751acb379b466ff6be78a315e2b439d4c94c1e99cb7266d40a537995d3",
                "sha256:6b1a564e6cb69922c7fe3a678b9f9a3c54e72b469875aa8018f18b4d1dd1adf3",
                "sha256:6d323e1554b3d22cfc03cd3243b5bb815a51f5249fdcbb86fda4bf62bab9e164",
                "sha256:6e743de5e9c3d1b7185870f480587b75b1cb604832e380d64f9504a0535912d1",
                "sha256:709fe01086a55cf79d20f741f39325018f4df051ef39fe921b1ebe780a66184c",
                "sha256:7b7c050ae976e286906dd3f26009e117eb000fb2cf3533398c5ad9ccc86867b1",
                "sha256:7d2872609603cb35ca513d7404a94d6d608fc13211563571117046c9d2bcc3d7",
                "sha256:7ef58fb89674095bfc57c4069e95d7a31cfdc0939e2a579882ac7d55aadfd2a1",
                "sha256:80bb5c256f1415f747011dc3604b59bc1f91c6e7150bd7db03b19170ee06b320",
                "sha256:81b19725065dcb43df02b37e03278c011a09e49757287dca60c5aecdd5a0b8ed",
                "sha256:833b58d5d0b7e5b9832869f039203389ac7cbf01765639c7309fd50ef619e0b1",
                "sha256:88bd7b6bd70a5b6803c1abf6bca012f7ed963e58c68d76ee20b9d751c74a3248",
                "sha256:8ad85f7f4e20964db4daadcab70b47ab05c7c1cf2a7c1e51087bfaa83831854c",
                "sha256:8c0ce1e99116d5ab21355d8ebe53d9460366704ea38ae4d9f6933188f327b456",
                "sha256:8d649d616e5c6a678b26d15ece345354f7c2286acd6db868e65fcc5ff7c24a77",
                "sha256:903500616422a40a98a5a3c4ff4ed9d0066f3b4c951fa286018ecdf0750194ef",
                "sha256:9736af4641846491aedb3c3f56b9bc5568d92b0692303b5a305301a95dfd38b1",
                "sha256:988635d122aaf2bdcef9e795435662bcd65b02f4f4c1ae37fbee7401c440b3a7",
                "sha256:9cca3c2cdadb362116235fdbd411735de4328c61425b0aa9f872fd76d02c4e86",
                "sha256:9e0fd32e0148dd5dea6af5fee42beb949098564cc23211a88d799e434255a1f4",
                "sha256:9f3e6f9e05148ff90002b884fbc2a86bd303ae847e472f44ecc06c2cd2fcdb2d",
                "sha256:a85d2b46be66a71bedde836d9e41859879cc54a2a04fad1191eb50c2066f6e9d",
                "sha256:a9a52172be0b5aae932bef82a79ec0a0ce87288c7d132946d645eba03f0ad8a8",
                "sha256:aa31fdcc33fef9eb2552cbcbfee7773d5a6792c137b359e82879c101e98584c5",
                "sha256:b014c23646a467558be7da3d6b9fa409b2c567d2110599b7cf9a0c5992b3b471",
                "sha256:b21bb4c09ffabfa0e85e3a6b623e19b80e7acd709b9f91452b8297ace2a8ab00",
                "sha256:b5901a312f4d14c59918c221323068fad0540e34324925c8475263841dbdfe68",
                "sha256:b9b7a708dd92306328117d8c4b62e2194d00c365f18eff11a9b53c6f923b01e3",
                "sha256:d1967f46ea8f2db647c786e78d8cc7e4313dbd1b0aca360592d8027b8508e24d",
                "sha256:d52a25136894c63de15a35bc0bdc5adb4b0e173b9c0d07a2be9d3ca64a332735",
                "sha256:d77c85fedff92cf788face9bfa3ebaa364448ebb1d765302e9af11bf449ca36d",
                "sha256:d79d7d5dc8a32b7093e81e97dad755127ff77bcc899e845f41bf71747af0c569",
                "sha256:dbcda74c67263139358f4d188ae5faae95c30929281bc6866d00573783c422b7",
                "sha256:ddaea91abf8b0d13443f6dac52e89051a5063c7d014710dcb4d4abb2ff811a59",
                "sha256:dee0ce50c6a2dd9056c20db781e9c1cfd33e77d2d569f5d1d9321c641bb903d5",
                "sha256:dee60e1de1898bde3b238f18340eec6148986da0455d8ba7848d50470a7a32fb",
                "sha256:e2f83e18fe2f4c9e7db597e988f72712c0c3676d337d8b101f6758107c42425b",
                "sha256:e3fb1677c720409d5f671e39bac6c9e0e422584e5f518bfd50aa4cbbea02433f",
                "sha256:ee2b1b1769f6707a8a445162ea16dddf74285c3964f605877a20e38545c3c462",
                "sha256:ee6acae74a2b91865910eef5e7de37dc6895ad96fa23603d1d27ea69df545015",
                "sha256:ef3f72c9666bba2bab70d2a8b79f2c6d2c1a42a7f7e2b0ec83bb2f9e383950af"
            ],
            "markers": "python_version < '3.11'",
            "version": "==1.14.1"
        }
    }
}
